#MicroXplorer Configuration settings - do not modify
ADC1.Channel-0\#ChannelRegularConversion=ADC_CHANNEL_5
ADC1.ClockPrescaler=ADC_CLOCK_ASYNC_DIV4
ADC1.EnableAnalogWatchDog1=false
ADC1.EnableAnalogWatchDog2=false
ADC1.EnableAnalogWatchDog3=false
ADC1.EnableInjectedConversion=ENABLE
ADC1.IPParameters=Rank-0\#ChannelRegularConversion,Channel-0\#ChannelRegularConversion,SamplingTime-0\#ChannelRegularConversion,OffsetNumber-0\#ChannelRegularConversion,OffsetSignedSaturation-0\#ChannelRegularConversion,NbrOfConversionFlag,ClockPrescaler,Mode,TwoSamplingDelay,OversamplingMode,Ratio,OversamplingStopReset,EnableAnalogWatchDog1,EnableInjectedConversion,InjectedRank-1\#ChannelInjectedConversion,InjectedChannel-1\#ChannelInjectedConversion,InjectedSamplingTime-1\#ChannelInjectedConversion,InjectedOffsetNumber-1\#ChannelInjectedConversion,InjectedOffsetSignedSaturation-1\#ChannelInjectedConversion,InjectedOffsetSaturation-1\#ChannelInjectedConversion,InjectedRank-2\#ChannelInjectedConversion,InjectedChannel-2\#ChannelInjectedConversion,InjectedSamplingTime-2\#ChannelInjectedConversion,InjectedOffsetNumber-2\#ChannelInjectedConversion,InjectedOffsetSignedSaturation-2\#ChannelInjectedConversion,InjectedOffsetSaturation-2\#ChannelInjectedConversion,InjectedRank-3\#ChannelInjectedConversion,InjectedChannel-3\#ChannelInjectedConversion,InjectedSamplingTime-3\#ChannelInjectedConversion,InjectedOffsetNumber-3\#ChannelInjectedConversion,InjectedOffsetSignedSaturation-3\#ChannelInjectedConversion,InjectedOffsetSaturation-3\#ChannelInjectedConversion,InjNumberOfConversion,EnableAnalogWatchDog3,EnableAnalogWatchDog2,master
ADC1.InjNumberOfConversion=3
ADC1.InjectedChannel-1\#ChannelInjectedConversion=ADC_CHANNEL_2
ADC1.InjectedChannel-2\#ChannelInjectedConversion=ADC_CHANNEL_2
ADC1.InjectedChannel-3\#ChannelInjectedConversion=ADC_CHANNEL_2
ADC1.InjectedOffsetNumber-1\#ChannelInjectedConversion=ADC_OFFSET_NONE
ADC1.InjectedOffsetNumber-2\#ChannelInjectedConversion=ADC_OFFSET_NONE
ADC1.InjectedOffsetNumber-3\#ChannelInjectedConversion=ADC_OFFSET_NONE
ADC1.InjectedOffsetSaturation-1\#ChannelInjectedConversion=DISABLE
ADC1.InjectedOffsetSaturation-2\#ChannelInjectedConversion=DISABLE
ADC1.InjectedOffsetSaturation-3\#ChannelInjectedConversion=DISABLE
ADC1.InjectedOffsetSignedSaturation-1\#ChannelInjectedConversion=DISABLE
ADC1.InjectedOffsetSignedSaturation-2\#ChannelInjectedConversion=DISABLE
ADC1.InjectedOffsetSignedSaturation-3\#ChannelInjectedConversion=DISABLE
ADC1.InjectedRank-1\#ChannelInjectedConversion=1
ADC1.InjectedRank-2\#ChannelInjectedConversion=2
ADC1.InjectedRank-3\#ChannelInjectedConversion=3
ADC1.InjectedSamplingTime-1\#ChannelInjectedConversion=ADC_SAMPLETIME_1CYCLE_5
ADC1.InjectedSamplingTime-2\#ChannelInjectedConversion=ADC_SAMPLETIME_1CYCLE_5
ADC1.InjectedSamplingTime-3\#ChannelInjectedConversion=ADC_SAMPLETIME_1CYCLE_5
ADC1.Mode=ADC_DUALMODE_REGSIMULT
ADC1.NbrOfConversionFlag=1
ADC1.OffsetNumber-0\#ChannelRegularConversion=ADC_OFFSET_NONE
ADC1.OffsetSignedSaturation-0\#ChannelRegularConversion=DISABLE
ADC1.OversamplingMode=ENABLE
ADC1.OversamplingStopReset=ADC_REGOVERSAMPLING_RESUMED_MODE
ADC1.Rank-0\#ChannelRegularConversion=1
ADC1.Ratio=16
ADC1.SamplingTime-0\#ChannelRegularConversion=ADC_SAMPLETIME_32CYCLES_5
ADC1.TwoSamplingDelay=ADC_TWOSAMPLINGDELAY_5CYCLES
ADC1.master=1
ADC2.Channel-0\#ChannelRegularConversion=ADC_CHANNEL_2
ADC2.ClockPrescaler=ADC_CLOCK_ASYNC_DIV4
ADC2.IPParameters=Rank-0\#ChannelRegularConversion,Channel-0\#ChannelRegularConversion,SamplingTime-0\#ChannelRegularConversion,OffsetNumber-0\#ChannelRegularConversion,OffsetSignedSaturation-0\#ChannelRegularConversion,NbrOfConversionFlag,ClockPrescaler,Mode,TwoSamplingDelay,OversamplingMode,Ratio,OversamplingStopReset
ADC2.Mode=ADC_DUALMODE_REGSIMULT
ADC2.NbrOfConversionFlag=1
ADC2.OffsetNumber-0\#ChannelRegularConversion=ADC_OFFSET_NONE
ADC2.OffsetSignedSaturation-0\#ChannelRegularConversion=DISABLE
ADC2.OversamplingMode=ENABLE
ADC2.OversamplingStopReset=ADC_REGOVERSAMPLING_RESUMED_MODE
ADC2.Rank-0\#ChannelRegularConversion=1
ADC2.Ratio=16
ADC2.SamplingTime-0\#ChannelRegularConversion=ADC_SAMPLETIME_32CYCLES_5
ADC2.TwoSamplingDelay=ADC_TWOSAMPLINGDELAY_5CYCLES
ADC3.Channel-0\#ChannelRegularConversion=ADC_CHANNEL_9
ADC3.ClockPrescaler=ADC_CLOCK_ASYNC_DIV4
ADC3.IPParameters=Rank-0\#ChannelRegularConversion,Channel-0\#ChannelRegularConversion,SamplingTime-0\#ChannelRegularConversion,OffsetNumber-0\#ChannelRegularConversion,OffsetSign-0\#ChannelRegularConversion,NbrOfConversionFlag,ClockPrescaler
ADC3.NbrOfConversionFlag=1
ADC3.OffsetNumber-0\#ChannelRegularConversion=ADC_OFFSET_NONE
ADC3.OffsetSign-0\#ChannelRegularConversion=ADC3_OFFSET_SIGN_NEGATIVE
ADC3.Rank-0\#ChannelRegularConversion=1
ADC3.SamplingTime-0\#ChannelRegularConversion=ADC3_SAMPLETIME_2CYCLES_5
CAD.formats=
CAD.pinconfig=
CAD.provider=
ETH.IPParameters=MediaInterface
ETH.MediaInterface=HAL_ETH_RMII_MODE
FDCAN2.CalculateBaudRateNominal=2000000
FDCAN2.CalculateTimeBitNominal=500
FDCAN2.CalculateTimeQuantumNominal=166.66666666666666
FDCAN2.IPParameters=CalculateTimeQuantumNominal,CalculateTimeBitNominal,CalculateBaudRateNominal
FDCAN3.CalculateBaudRateNominal=2000000
FDCAN3.CalculateTimeBitNominal=500
FDCAN3.CalculateTimeQuantumNominal=166.66666666666666
FDCAN3.IPParameters=CalculateTimeQuantumNominal,CalculateTimeBitNominal,CalculateBaudRateNominal
File.Version=6
GPIO.groupedBy=Group By Peripherals
KeepUserPlacement=false
MMTAppReg1.MEMORYMAP.AppRegionName=DTCMRAM
MMTAppReg1.MEMORYMAP.ContextName=Cortex-M7NS
MMTAppReg1.MEMORYMAP.CoreName=Arm Cortex-M7
MMTAppReg1.MEMORYMAP.IPParameters=StartAddress,Size,CoreName,ContextName,Name
MMTAppReg1.MEMORYMAP.Name=DTCMRAM
MMTAppReg1.MEMORYMAP.Size=131072
MMTAppReg1.MEMORYMAP.StartAddress=0x20000000
MMTAppReg2.MEMORYMAP.AppRegionName=RAM
MMTAppReg2.MEMORYMAP.ContextName=Cortex-M7NS
MMTAppReg2.MEMORYMAP.CoreName=Arm Cortex-M7
MMTAppReg2.MEMORYMAP.DefaultDataRegion=true
MMTAppReg2.MEMORYMAP.IPParameters=StartAddress,Size,CoreName,ContextName,Name,DefaultDataRegion
MMTAppReg2.MEMORYMAP.Name=RAM
MMTAppReg2.MEMORYMAP.Size=327680
MMTAppReg2.MEMORYMAP.StartAddress=0x24000000
MMTAppReg3.MEMORYMAP.AppRegionName=RAM_D2
MMTAppReg3.MEMORYMAP.ContextName=Cortex-M7NS
MMTAppReg3.MEMORYMAP.CoreName=Arm Cortex-M7
MMTAppReg3.MEMORYMAP.IPParameters=StartAddress,Size,CoreName,ContextName,Name
MMTAppReg3.MEMORYMAP.Name=RAM_D2
MMTAppReg3.MEMORYMAP.Size=32768
MMTAppReg3.MEMORYMAP.StartAddress=0x30000000
MMTAppReg4.MEMORYMAP.AppRegionName=RAM_D3
MMTAppReg4.MEMORYMAP.ContextName=Cortex-M7NS
MMTAppReg4.MEMORYMAP.CoreName=Arm Cortex-M7
MMTAppReg4.MEMORYMAP.IPParameters=StartAddress,Size,CoreName,ContextName,Name
MMTAppReg4.MEMORYMAP.Name=RAM_D3
MMTAppReg4.MEMORYMAP.Size=16384
MMTAppReg4.MEMORYMAP.StartAddress=0x38000000
MMTAppReg5.MEMORYMAP.AppRegionName=ITCMRAM
MMTAppReg5.MEMORYMAP.Cacheability=WTRA
MMTAppReg5.MEMORYMAP.ContextName=Cortex-M7NS
MMTAppReg5.MEMORYMAP.CoreName=Arm Cortex-M7
MMTAppReg5.MEMORYMAP.IPParameters=StartAddress,Size,CoreName,ContextName,Name,Cacheability
MMTAppReg5.MEMORYMAP.Name=ITCMRAM
MMTAppReg5.MEMORYMAP.Size=65536
MMTAppReg5.MEMORYMAP.StartAddress=0x00000000
MMTAppReg6.MEMORYMAP.AP=RO_priv_only
MMTAppReg6.MEMORYMAP.AppRegionName=FLASH
MMTAppReg6.MEMORYMAP.Cacheability=WTRA
MMTAppReg6.MEMORYMAP.ContextName=Cortex-M7NS
MMTAppReg6.MEMORYMAP.CoreName=Arm Cortex-M7
MMTAppReg6.MEMORYMAP.DefaultCodeRegion=true
MMTAppReg6.MEMORYMAP.IPParameters=StartAddress,Size,CoreName,MemType,ContextName,Name,AP,Cacheability,DefaultCodeRegion,ISRRegion,RootBootRegion
MMTAppReg6.MEMORYMAP.ISRRegion=true
MMTAppReg6.MEMORYMAP.MemType=ROM
MMTAppReg6.MEMORYMAP.Name=FLASH
MMTAppReg6.MEMORYMAP.RootBootRegion=true
MMTAppReg6.MEMORYMAP.Size=1048576
MMTAppReg6.MEMORYMAP.StartAddress=0x08000000
MMTAppRegionsCount=6
MMTConfigApplied=false
MMTSectionSuffix=
Mcu.CPN=STM32H723ZGT6
Mcu.Family=STM32H7
Mcu.IP0=ADC1
Mcu.IP1=ADC2
Mcu.IP10=RCC
Mcu.IP11=SPI1
Mcu.IP12=SPI2
Mcu.IP13=SYS
Mcu.IP14=TIM1
Mcu.IP15=TIM3
Mcu.IP16=USB_OTG_HS
Mcu.IP17=USB_OTG_HS1
Mcu.IP2=ADC3
Mcu.IP3=CORTEX_M7
Mcu.IP4=DEBUG
Mcu.IP5=ETH
Mcu.IP6=FDCAN2
Mcu.IP7=FDCAN3
Mcu.IP8=MEMORYMAP
Mcu.IP9=NVIC
Mcu.IPNb=18
Mcu.Name=STM32H723ZGTx
Mcu.Package=LQFP144
Mcu.Pin0=PE3
Mcu.Pin1=PF4
Mcu.Pin10=PC4
Mcu.Pin11=PC5
Mcu.Pin12=PB0
Mcu.Pin13=PB1
Mcu.Pin14=PF13
Mcu.Pin15=PF14
Mcu.Pin16=PE8
Mcu.Pin17=PE9
Mcu.Pin18=PE11
Mcu.Pin19=PB12
Mcu.Pin2=PF7
Mcu.Pin20=PB13
Mcu.Pin21=PB14
Mcu.Pin22=PB15
Mcu.Pin23=PG4
Mcu.Pin24=PG6
Mcu.Pin25=PC7
Mcu.Pin26=PA9
Mcu.Pin27=PA10
Mcu.Pin28=PA11
Mcu.Pin29=PA12
Mcu.Pin3=PH0-OSC_IN
Mcu.Pin30=PA13(JTMS/SWDIO)
Mcu.Pin31=PA14(JTCK/SWCLK)
Mcu.Pin32=PC11
Mcu.Pin33=PC12
Mcu.Pin34=PD1
Mcu.Pin35=PD2
Mcu.Pin36=PD5
Mcu.Pin37=PG10
Mcu.Pin38=PG11
Mcu.Pin39=PG13
Mcu.Pin4=PH1-OSC_OUT
Mcu.Pin40=PB3(JTDO/TRACESWO)
Mcu.Pin41=PB4(NJTRST)
Mcu.Pin42=PB5
Mcu.Pin43=PB6
Mcu.Pin44=PE1
Mcu.Pin45=VP_SYS_VS_Systick
Mcu.Pin46=VP_TIM3_VS_ClockSourceITR
Mcu.Pin47=VP_TIM3_VS_OPM
Mcu.Pin48=VP_USB_OTG_HS1_USB_OTG_HS_DR
Mcu.Pin49=VP_MEMORYMAP_VS_MEMORYMAP
Mcu.Pin5=PC1
Mcu.Pin6=PA1
Mcu.Pin7=PA2
Mcu.Pin8=PA6
Mcu.Pin9=PA7
Mcu.PinsNb=50
Mcu.ThirdPartyNb=0
Mcu.UserConstants=
Mcu.UserName=STM32H723ZGTx
MxCube.Version=6.18.1
MxDb.Version=DB.6.0.181
NVIC.BusFault_IRQn=true\:0\:0\:false\:false\:true\:false\:false\:false
NVIC.DebugMonitor_IRQn=true\:0\:0\:false\:false\:true\:false\:false\:false
NVIC.ForceEnableDMAVector=true
NVIC.HardFault_IRQn=true\:0\:0\:false\:false\:true\:false\:false\:false
NVIC.MemoryManagement_IRQn=true\:0\:0\:false\:false\:true\:false\:false\:false
NVIC.NonMaskableInt_IRQn=true\:0\:0\:false\:false\:true\:false\:false\:false
NVIC.PendSV_IRQn=true\:0\:0\:false\:false\:true\:false\:false\:false
NVIC.PriorityGroup=NVIC_PRIORITYGROUP_4
NVIC.SVCall_IRQn=true\:0\:0\:false\:false\:true\:false\:false\:false
NVIC.SysTick_IRQn=true\:15\:0\:false\:false\:true\:false\:true\:false
NVIC.UsageFault_IRQn=true\:0\:0\:false\:false\:true\:false\:false\:false
PA1.Locked=true
PA1.Mode=RMII
PA1.Signal=ETH_REF_CLK
PA10.Locked=true
PA10.Mode=OTG/Dual_Role_Device_FS
PA10.Signal=USB_OTG_HS_ID
PA11.Locked=true
PA11.Mode=OTG/Dual_Role_Device_FS
PA11.Signal=USB_OTG_HS_DM
PA12.Locked=true
PA12.Mode=OTG/Dual_Role_Device_FS
PA12.Signal=USB_OTG_HS_DP
PA13(JTMS/SWDIO).Locked=true
PA13(JTMS/SWDIO).Mode=Serial_Wire
PA13(JTMS/SWDIO).Signal=DEBUG_JTMS-SWDIO
PA14(JTCK/SWCLK).Locked=true
PA14(JTCK/SWCLK).Mode=Serial_Wire
PA14(JTCK/SWCLK).Signal=DEBUG_JTCK-SWCLK
PA2.Locked=true
PA2.Mode=RMII
PA2.Signal=ETH_MDIO
PA6.GPIOParameters=GPIO_Label
PA6.GPIO_Label=CP_FEEDBACK
PA6.Locked=true
PA6.Signal=ADCx_INP3
PA7.Locked=true
PA7.Mode=RMII
PA7.Signal=ETH_CRS_DV
PA9.GPIOParameters=GPIO_Speed
PA9.GPIO_Speed=GPIO_SPEED_FREQ_HIGH
PA9.Locked=true
PA9.Mode=Full_Duplex_Master
PA9.Signal=SPI2_SCK
PB0.GPIOParameters=GPIO_Label
PB0.GPIO_Label=CURSENS_A_REF
PB0.Locked=true
PB0.Signal=SharedAnalog_PB0
PB1.GPIOParameters=GPIO_Label
PB1.GPIO_Label=CURSENS_A_SIG
PB1.Locked=true
PB1.Signal=ADCx_INP5
PB12.Locked=true
PB12.Mode=FDCAN_Activate
PB12.Signal=FDCAN2_RX
PB13.Locked=true
PB13.Mode=RMII
PB13.Signal=ETH_TXD1
PB14.GPIOParameters=GPIO_Speed
PB14.GPIO_Speed=GPIO_SPEED_FREQ_HIGH
PB14.Locked=true
PB14.Mode=Full_Duplex_Master
PB14.Signal=SPI2_MISO
PB15.GPIOParameters=GPIO_Speed
PB15.GPIO_Speed=GPIO_SPEED_FREQ_HIGH
PB15.Locked=true
PB15.Mode=Full_Duplex_Master
PB15.Signal=SPI2_MOSI
PB3(JTDO/TRACESWO).GPIOParameters=GPIO_Speed
PB3(JTDO/TRACESWO).GPIO_Speed=GPIO_SPEED_FREQ_MEDIUM
PB3(JTDO/TRACESWO).Locked=true
PB3(JTDO/TRACESWO).Mode=Full_Duplex_Master
PB3(JTDO/TRACESWO).Signal=SPI1_SCK
PB4(NJTRST).GPIOParameters=GPIO_Speed
PB4(NJTRST).GPIO_Speed=GPIO_SPEED_FREQ_MEDIUM
PB4(NJTRST).Locked=true
PB4(NJTRST).Mode=Full_Duplex_Master
PB4(NJTRST).Signal=SPI1_MISO
PB5.GPIOParameters=GPIO_Speed
PB5.GPIO_Speed=GPIO_SPEED_FREQ_MEDIUM
PB5.Locked=true
PB5.Mode=Full_Duplex_Master
PB5.Signal=SPI1_MOSI
PB6.GPIOParameters=GPIO_Speed
PB6.GPIO_Speed=GPIO_SPEED_FREQ_HIGH
PB6.Locked=true
PB6.Mode=FDCAN_Activate
PB6.Signal=FDCAN2_TX
PC1.Locked=true
PC1.Mode=RMII
PC1.Signal=ETH_MDC
PC11.GPIOParameters=GPIO_Label
PC11.GPIO_Label=GATE DRIVER FAULT
PC11.Locked=true
PC11.Signal=GPIO_Input
PC12.GPIOParameters=GPIO_Label
PC12.GPIO_Label=GATE DRIVER READY
PC12.Locked=true
PC12.Signal=GPIO_Input
PC4.Locked=true
PC4.Mode=RMII
PC4.Signal=ETH_RXD0
PC5.Locked=true
PC5.Mode=RMII
PC5.Signal=ETH_RXD1
PC7.Locked=true
PC7.Mode=External_Trigger_bidirectional
PC7.Signal=DEBUG_TRGIO
PD1.GPIOParameters=GPIO_Label
PD1.GPIO_Label=VSENSE_ISO_ADC_INTERRUPT
PD1.Locked=true
PD1.Signal=GPIO_Input
PD2.GPIOParameters=GPIO_Label
PD2.GPIO_Label=SPI2_CS
PD2.Locked=true
PD2.Signal=GPIO_Output
PD5.GPIOParameters=GPIO_Label
PD5.GPIO_Label=GATE DRIVER RESET
PD5.Locked=true
PD5.Signal=GPIO_Output
PE1.GPIOParameters=GPIO_Speed,PinState,GPIO_Label
PE1.GPIO_Label=DEBUG_ORANGE_LED
PE1.GPIO_Speed=GPIO_SPEED_FREQ_LOW
PE1.Locked=true
PE1.PinState=GPIO_PIN_RESET
PE1.Signal=GPIO_Output
PE11.GPIOParameters=GPIO_Label
PE11.GPIO_Label=LIQUID_PUMP_PWM
PE11.Locked=true
PE11.Signal=S_TIM1_CH2
PE3.GPIOParameters=GPIO_Speed,PinState,GPIO_Label
PE3.GPIO_Label=DEBUG_GREEN_LED
PE3.GPIO_Speed=GPIO_SPEED_FREQ_LOW
PE3.Locked=true
PE3.PinState=GPIO_PIN_RESET
PE3.Signal=GPIO_Output
PE8.GPIOParameters=GPIO_Speed,GPIO_Label
PE8.GPIO_Label=PWM_HIGH
PE8.GPIO_Speed=GPIO_SPEED_FREQ_VERY_HIGH
PE8.Locked=true
PE8.Mode=PWM Generation1 CH1 CH1N
PE8.Signal=TIM1_CH1N
PE9.GPIOParameters=GPIO_Speed,GPIO_Label
PE9.GPIO_Label=PWM_LOW
PE9.GPIO_Speed=GPIO_SPEED_FREQ_VERY_HIGH
PE9.Locked=true
PE9.Signal=S_TIM1_CH1
PF13.GPIOParameters=GPIO_Label
PF13.GPIO_Label=CURSENSE_B_SIG
PF13.Locked=true
PF13.Mode=IN2-Single-Ended
PF13.Signal=ADC2_INP2
PF14.GPIOParameters=GPIO_Label
PF14.GPIO_Label=CURSENSE_B_REF
PF14.Locked=true
PF14.Signal=SharedAnalog_PF14
PF4.GPIOParameters=GPIO_Label
PF4.GPIO_Label=AIN_CABLE_TEMP
PF4.Locked=true
PF4.Mode=IN9-Single-Ended
PF4.Signal=ADC3_INP9
PF7.Locked=true
PF7.Mode=FDCAN_Activate
PF7.Signal=FDCAN3_TX
PG10.Locked=true
PG10.Mode=FDCAN_Activate
PG10.Signal=FDCAN3_RX
PG11.Locked=true
PG11.Mode=RMII
PG11.Signal=ETH_TX_EN
PG13.Locked=true
PG13.Mode=RMII
PG13.Signal=ETH_TXD0
PG4.GPIOParameters=GPIO_Label
PG4.GPIO_Label=MAIN_CONTACTOR_OUT
PG4.Locked=true
PG4.Signal=GPIO_Output
PG6.GPIOParameters=GPIO_Label
PG6.GPIO_Label=PRECHARGE_CONTACTOR_OUT
PG6.Locked=true
PG6.Signal=GPIO_Output
PH0-OSC_IN.Locked=true
PH0-OSC_IN.Mode=HSE-External-Oscillator
PH0-OSC_IN.Signal=RCC_OSC_IN
PH1-OSC_OUT.Locked=true
PH1-OSC_OUT.Mode=HSE-External-Oscillator
PH1-OSC_OUT.Signal=RCC_OSC_OUT
PinOutPanel.RotationAngle=0
ProjectManager.AskForMigrate=true
ProjectManager.BackupPrevious=false
ProjectManager.CompilerLinker=GCC
ProjectManager.CompilerOptimize=6
ProjectManager.ComputerToolchain=false
ProjectManager.CoupleFile=true
ProjectManager.CustomerFirmwarePackage=
ProjectManager.DefaultFWLocation=true
ProjectManager.DeletePrevious=true
ProjectManager.DeviceId=STM32H723ZGTx
ProjectManager.FirmwarePackage=STM32Cube FW_H7 V1.13.0
ProjectManager.FreePins=false
ProjectManager.FreePinsContext=
ProjectManager.HalAssertFull=false
ProjectManager.HeapSize=0x1000
ProjectManager.KeepUserCode=true
ProjectManager.LastFirmware=true
ProjectManager.LibraryCopy=1
ProjectManager.MainLocation=Src
ProjectManager.NoMain=false
ProjectManager.PreviousToolchain=
ProjectManager.ProjectBuild=false
ProjectManager.ProjectFileName=STM32CubeMX.ioc
ProjectManager.ProjectName=STM32CubeMX
ProjectManager.ProjectStructure=
ProjectManager.RegisterCallBack=
ProjectManager.StackSize=0x2000
ProjectManager.TargetToolchain=CMake
ProjectManager.ToolChainLocation=
ProjectManager.UAScriptAfterPath=
ProjectManager.UAScriptBeforePath=
ProjectManager.UnderRoot=false
ProjectManager.functionlistsort=1-SystemClock_Config-RCC-false-HAL-false,2-MX_GPIO_Init-GPIO-false-HAL-true,3-MX_DMA_Init-DMA-false-HAL-true,4-MX_USART3_UART_Init-USART3-false-HAL-true,5-MX_TIM1_Init-TIM1-false-HAL-true,6-MX_ADC1_Init-ADC1-false-HAL-true,7-MX_ADC2_Init-ADC2-false-HAL-true,8-MX_ADC3_Init-ADC3-false-HAL-true,9-MX_FDCAN1_Init-FDCAN1-false-HAL-true,10-MX_FDCAN2_Init-FDCAN2-false-HAL-true,11-MX_SPI4_Init-SPI4-false-HAL-true,12-MX_SPI2_Init-SPI2-false-HAL-true,13-MX_DAC1_Init-DAC1-false-HAL-true,14-MX_TIM3_Init-TIM3-false-HAL-true,15-MX_UART9_Init-UART9-false-HAL-true,16-MX_I2C4_Init-I2C4-false-HAL-true,17-MX_I2C5_Init-I2C5-false-HAL-true,18-MX_UART4_Init-UART4-false-HAL-true,0-MX_CORTEX_M7_Init-CORTEX_M7-false-HAL-true
RCC.ADCFreq_Value=96000000
RCC.AHB12Freq_Value=275000000
RCC.AHB4Freq_Value=275000000
RCC.APB1Freq_Value=137500000
RCC.APB2Freq_Value=137500000
RCC.APB3Freq_Value=137500000
RCC.APB4Freq_Value=137500000
RCC.AXIClockFreq_Value=275000000
RCC.CECFreq_Value=32000
RCC.CKPERFreq_Value=64000000
RCC.CortexFreq_Value=550000000
RCC.CpuClockFreq_Value=550000000
RCC.D1CPREFreq_Value=550000000
RCC.D1PPRE=RCC_APB3_DIV2
RCC.D2PPRE1=RCC_APB1_DIV2
RCC.D2PPRE2=RCC_APB2_DIV2
RCC.D3PPRE=RCC_APB4_DIV2
RCC.DFSDMACLkFreq_Value=183333333.33333334
RCC.DFSDMFreq_Value=137500000
RCC.DIVM1=1
RCC.DIVM2=1
RCC.DIVN1=68
RCC.DIVN2=24
RCC.DIVP1=1
RCC.DIVP1Freq_Value=550000000
RCC.DIVP2Freq_Value=96000000
RCC.DIVP3Freq_Value=16125000
RCC.DIVQ1=3
RCC.DIVQ1Freq_Value=183333333.33333334
RCC.DIVQ2Freq_Value=96000000
RCC.DIVQ3Freq_Value=16125000
RCC.DIVR1Freq_Value=275000000
RCC.DIVR2Freq_Value=96000000
RCC.DIVR3Freq_Value=16125000
RCC.EnbaleCSS=false
RCC.FDCANCLockSelection=RCC_FDCANCLKSOURCE_PLL2
RCC.FDCANFreq_Value=96000000
RCC.FMCFreq_Value=275000000
RCC.FamilyName=M
RCC.HCLK3ClockFreq_Value=275000000
RCC.HCLKFreq_Value=275000000
RCC.HPRE=RCC_HCLK_DIV2
RCC.HSE_VALUE=8000000
RCC.I2C123Freq_Value=137500000
RCC.I2C4Freq_Value=137500000
RCC.IPParameters=ADCFreq_Value,AHB12Freq_Value,AHB4Freq_Value,APB1Freq_Value,APB2Freq_Value,APB3Freq_Value,APB4Freq_Value,AXIClockFreq_Value,CECFreq_Value,CKPERFreq_Value,CortexFreq_Value,CpuClockFreq_Value,D1CPREFreq_Value,D1PPRE,D2PPRE1,D2PPRE2,D3PPRE,DFSDMACLkFreq_Value,DFSDMFreq_Value,DIVM1,DIVM2,DIVN1,DIVN2,DIVP1,DIVP1Freq_Value,DIVP2Freq_Value,DIVP3Freq_Value,DIVQ1,DIVQ1Freq_Value,DIVQ2Freq_Value,DIVQ3Freq_Value,DIVR1Freq_Value,DIVR2Freq_Value,DIVR3Freq_Value,EnbaleCSS,FDCANCLockSelection,FDCANFreq_Value,FMCFreq_Value,FamilyName,HCLK3ClockFreq_Value,HCLKFreq_Value,HPRE,HSE_VALUE,I2C123Freq_Value,I2C4Freq_Value,LPTIM1Freq_Value,LPTIM2Freq_Value,LPTIM345Freq_Value,LPUART1Freq_Value,LTDCFreq_Value,MCO1PinFreq_Value,MCO2PinFreq_Value,PLL2FRACN,PLL3FRACN,PLLFRACN,PLLSourceVirtual,QSPIFreq_Value,RNGFreq_Value,RTCFreq_Value,SAI1Freq_Value,SAI4AFreq_Value,SAI4BFreq_Value,SDMMCFreq_Value,SPDIFRXFreq_Value,SPI123Freq_Value,SPI45Freq_Value,SPI6Freq_Value,SWPMI1Freq_Value,SYSCLKFreq_VALUE,SYSCLKSource,SupplySource,Tim1OutputFreq_Value,Tim2OutputFreq_Value,TraceFreq_Value,USART16Freq_Value,USART234578Freq_Value,USBCLockSelection,USBFreq_Value,VCO1OutputFreq_Value,VCO2OutputFreq_Value,VCO3OutputFreq_Value,VCOInput1Freq_Value,VCOInput2Freq_Value,VCOInput3Freq_Value
RCC.LPTIM1Freq_Value=137500000
RCC.LPTIM2Freq_Value=137500000
RCC.LPTIM345Freq_Value=137500000
RCC.LPUART1Freq_Value=137500000
RCC.LTDCFreq_Value=16125000
RCC.MCO1PinFreq_Value=64000000
RCC.MCO2PinFreq_Value=550000000
RCC.PLL2FRACN=0
RCC.PLL3FRACN=0
RCC.PLLFRACN=6144
RCC.PLLSourceVirtual=RCC_PLLSOURCE_HSE
RCC.QSPIFreq_Value=275000000
RCC.RNGFreq_Value=48000000
RCC.RTCFreq_Value=32000
RCC.SAI1Freq_Value=183333333.33333334
RCC.SAI4AFreq_Value=183333333.33333334
RCC.SAI4BFreq_Value=183333333.33333334
RCC.SDMMCFreq_Value=183333333.33333334
RCC.SPDIFRXFreq_Value=183333333.33333334
RCC.SPI123Freq_Value=183333333.33333334
RCC.SPI45Freq_Value=137500000
RCC.SPI6Freq_Value=137500000
RCC.SWPMI1Freq_Value=137500000
RCC.SYSCLKFreq_VALUE=550000000
RCC.SYSCLKSource=RCC_SYSCLKSOURCE_PLLCLK
RCC.SupplySource=PWR_LDO_SUPPLY
RCC.Tim1OutputFreq_Value=275000000
RCC.Tim2OutputFreq_Value=275000000
RCC.TraceFreq_Value=275000000
RCC.USART16Freq_Value=137500000
RCC.USART234578Freq_Value=137500000
RCC.USBCLockSelection=RCC_USBCLKSOURCE_HSI48
RCC.USBFreq_Value=48000000
RCC.VCO1OutputFreq_Value=550000000
RCC.VCO2OutputFreq_Value=192000000
RCC.VCO3OutputFreq_Value=32250000
RCC.VCOInput1Freq_Value=8000000
RCC.VCOInput2Freq_Value=8000000
RCC.VCOInput3Freq_Value=250000
SH.ADCx_INP3.0=ADC2_INP3,IN3-Single-Ended
SH.ADCx_INP3.ConfNb=1
SH.ADCx_INP5.0=ADC1_INP5,IN5-Single-Ended
SH.ADCx_INP5.ConfNb=1
SH.S_TIM1_CH1.0=TIM1_CH1,PWM Generation1 CH1 CH1N
SH.S_TIM1_CH1.ConfNb=1
SH.S_TIM1_CH2.0=TIM1_CH2
SH.S_TIM1_CH2.ConfNb=1
SH.SharedAnalog_PB0.0=ADC1_INN5
SH.SharedAnalog_PB0.1=ADC1_INP9,IN9-Single-Ended
SH.SharedAnalog_PB0.2=ADC2_INP9,IN9-Single-Ended
SH.SharedAnalog_PB0.ConfNb=3
SH.SharedAnalog_PF14.0=ADC2_INN2
SH.SharedAnalog_PF14.1=ADC2_INP6,IN6-Single-Ended
SH.SharedAnalog_PF14.ConfNb=2
SPI1.CalculateBaudRate=91.666664 MBits/s
SPI1.Direction=SPI_DIRECTION_2LINES
SPI1.IPParameters=VirtualType,Mode,Direction,CalculateBaudRate
SPI1.Mode=SPI_MODE_MASTER
SPI1.VirtualType=VM_MASTER
SPI2.BaudRatePrescaler=SPI_BAUDRATEPRESCALER_32
SPI2.CalculateBaudRate=5.729166 MBits/s
SPI2.DataSize=SPI_DATASIZE_8BIT
SPI2.Direction=SPI_DIRECTION_2LINES
SPI2.IPParameters=VirtualType,Mode,Direction,CalculateBaudRate,DataSize,BaudRatePrescaler,NSSPMode
SPI2.Mode=SPI_MODE_MASTER
SPI2.NSSPMode=SPI_NSS_PULSE_DISABLE
SPI2.VirtualType=VM_MASTER
TIM1.AutoReloadPreload=TIM_AUTORELOAD_PRELOAD_ENABLE
TIM1.BreakPolarity=TIM_BREAKPOLARITY_LOW
TIM1.BreakState=TIM_BREAK_ENABLE
TIM1.Channel-PWM\ Generation1\ CH1\ CH1N=TIM_CHANNEL_1
TIM1.CounterMode=TIM_COUNTERMODE_CENTERALIGNED1
TIM1.DeadTime=194
TIM1.IPParameters=Channel-PWM Generation1 CH1 CH1N,CounterMode,Period,AutoReloadPreload,OC1Preload_PWM,BreakState,BreakPolarity,OffStateRunMode,OffStateIDLEMode,DeadTime
TIM1.OC1Preload_PWM=ENABLE
TIM1.OffStateIDLEMode=TIM_OSSI_ENABLE
TIM1.OffStateRunMode=TIM_OSSR_ENABLE
TIM1.Period=27500
USB_OTG_HS.IPParameters=VirtualMode-OTG/Dual_Role_Device_FS
USB_OTG_HS.VirtualMode-OTG/Dual_Role_Device_FS=Device_Role_Device_FS
VP_MEMORYMAP_VS_MEMORYMAP.Mode=CurAppReg
VP_MEMORYMAP_VS_MEMORYMAP.Signal=MEMORYMAP_VS_MEMORYMAP
VP_SYS_VS_Systick.Mode=SysTick
VP_SYS_VS_Systick.Signal=SYS_VS_Systick
VP_TIM3_VS_ClockSourceITR.Mode=TriggerSource_ITR0
VP_TIM3_VS_ClockSourceITR.Signal=TIM3_VS_ClockSourceITR
VP_TIM3_VS_OPM.Mode=OPM_bit
VP_TIM3_VS_OPM.Signal=TIM3_VS_OPM
VP_USB_OTG_HS1_USB_OTG_HS_DR.Mode=activate
VP_USB_OTG_HS1_USB_OTG_HS_DR.Signal=USB_OTG_HS1_USB_OTG_HS_DR
board=custom
